
Microsoft Visual Studio Solution File, Format Version 12.00
# Visual Studio Version 16
VisualStudioVersion = 16.0.30711.63
MinimumVisualStudioVersion = 10.0.40219.1
Project("{FAE04EC0-301F-11D3-BF4B-00C04F79EFBC}") = "Cnfurikana-thrid-part-WPF", "Cnfurikana-thrid-part-WPF.csproj", "{7FEC9556-7BC1-4928-8F99-6285EEED625C}"
EndProject
Global
	GlobalSection(SolutionConfigurationPlatforms) = preSolution
		Debug|Any CPU = Debug|Any CPU
		Debug|x64 = Debug|x64
		Debug|x86 = Debug|x86
		Release|Any CPU = Release|Any CPU
		Release|x64 = Release|x64
		Release|x86 = Release|x86
	EndGlobalSection
	GlobalSection(ProjectConfigurationPlatforms) = postSolution
		{7FEC9556-7BC1-4928-8F99-6285EEED625C}.Debug|Any CPU.ActiveCfg = Debug|Any CPU
		{7FEC9556-7BC1-4928-8F99-6285EEED625C}.Debug|Any CPU.Build.0 = Debug|Any CPU
		{7FEC9556-7BC1-4928-8F99-6285EEED625C}.Debug|x64.ActiveCfg = Debug|x64
		{7FEC9556-7BC1-4928-8F99-6285EEED625C}.Debug|x64.Build.0 = Debug|x64
		{7FEC9556-7BC1-4928-8F99-6285EEED625C}.Debug|x86.ActiveCfg = Debug|Any CPU
		{7FEC9556-7BC1-4928-8F99-6285EEED625C}.Debug|x86.Build.0 = Debug|Any CPU
		{7FEC9556-7BC1-4928-8F99-6285EEED625C}.Release|Any CPU.ActiveCfg = Release|Any CPU
		{7FEC9556-7BC1-4928-8F99-6285EEED625C}.Release|Any CPU.Build.0 = Release|Any CPU
		{7FEC9556-7BC1-4928-8F99-6285EEED625C}.Release|x64.ActiveCfg = Release|x64
		{7FEC9556-7BC1-4928-8F99-6285EEED625C}.Release|x64.Build.0 = Release|x64
		{7FEC9556-7BC1-4928-8F99-6285EEED625C}.Release|x86.ActiveCfg = Release|x86
		{7FEC9556-7BC1-4928-8F99-6285EEED625C}.Release|x86.Build.0 = Release|x86
	EndGlobalSection
	GlobalSection(SolutionProperties) = preSolution
		HideSolutionNode = FALSE
	EndGlobalSection
	GlobalSection(ExtensibilityGlobals) = postSolution
		SolutionGuid = {550A2299-CC49-4AE2-BDE5-561DBAE1BE2A}
	EndGlobalSection
EndGlobal
